
Microsoft Visual Studio Solution File, Format Version 12.00
# Visual Studio Version 16
VisualStudioVersion = 16.0.30330.147
MinimumVisualStudioVersion = 10.0.40219.1
Project("{FAE04EC0-301F-11D3-BF4B-00C04F79EFBC}") = "EZDIJKST", "EZDIJKST.csproj", "{9E8DA408-0D22-4A38-9872-CAE2B974B006}"
EndProject
Global
	GlobalSection(SolutionConfigurationPlatforms) = preSolution
		Debug|Any CPU = Debug|Any CPU
		Release|Any CPU = Release|Any CPU
	EndGlobalSection
	GlobalSection(ProjectConfigurationPlatforms) = postSolution
		{9E8DA408-0D22-4A38-9872-CAE2B974B006}.Debug|Any CPU.ActiveCfg = Debug|Any CPU
		{9E8DA408-0D22-4A38-9872-CAE2B974B006}.Debug|Any CPU.Build.0 = Debug|Any CPU
		{9E8DA408-0D22-4A38-9872-CAE2B974B006}.Release|Any CPU.ActiveCfg = Release|Any CPU
		{9E8DA408-0D22-4A38-9872-CAE2B974B006}.Release|Any CPU.Build.0 = Release|Any CPU
	EndGlobalSection
	GlobalSection(SolutionProperties) = preSolution
		HideSolutionNode = FALSE
	EndGlobalSection
	GlobalSection(ExtensibilityGlobals) = postSolution
		SolutionGuid = {6D1E494B-2EC0-465F-8FD8-FF3E482303EC}
	EndGlobalSection
EndGlobal
