
Microsoft Visual Studio Solution File, Format Version 12.00
# Visual Studio Version 16
VisualStudioVersion = 16.0.29728.190
MinimumVisualStudioVersion = 10.0.40219.1
Project("{FAE04EC0-301F-11D3-BF4B-00C04F79EFBC}") = "PriorityQueueDemo", "PriorityQueueDemo.csproj", "{9D5D84A4-DF59-4412-85B8-F13E8B1617CF}"
EndProject
Global
	GlobalSection(SolutionConfigurationPlatforms) = preSolution
		Debug|Any CPU = Debug|Any CPU
		Release|Any CPU = Release|Any CPU
	EndGlobalSection
	GlobalSection(ProjectConfigurationPlatforms) = postSolution
		{9D5D84A4-DF59-4412-85B8-F13E8B1617CF}.Debug|Any CPU.ActiveCfg = Debug|Any CPU
		{9D5D84A4-DF59-4412-85B8-F13E8B1617CF}.Debug|Any CPU.Build.0 = Debug|Any CPU
		{9D5D84A4-DF59-4412-85B8-F13E8B1617CF}.Release|Any CPU.ActiveCfg = Release|Any CPU
		{9D5D84A4-DF59-4412-85B8-F13E8B1617CF}.Release|Any CPU.Build.0 = Release|Any CPU
	EndGlobalSection
	GlobalSection(SolutionProperties) = preSolution
		HideSolutionNode = FALSE
	EndGlobalSection
	GlobalSection(ExtensibilityGlobals) = postSolution
		SolutionGuid = {AF2234D9-B096-4719-A212-287166DBDDCF}
	EndGlobalSection
EndGlobal
