
Microsoft Visual Studio Solution File, Format Version 12.00
# Visual Studio Version 16
VisualStudioVersion = 16.0.29728.190
MinimumVisualStudioVersion = 10.0.40219.1
Project("{FAE04EC0-301F-11D3-BF4B-00C04F79EFBC}") = "Minsemita", "Minsemita.csproj", "{3C2B7E57-5CA8-4F08-9517-C81530A074D7}"
EndProject
Global
	GlobalSection(SolutionConfigurationPlatforms) = preSolution
		Debug|Any CPU = Debug|Any CPU
		Release|Any CPU = Release|Any CPU
	EndGlobalSection
	GlobalSection(ProjectConfigurationPlatforms) = postSolution
		{3C2B7E57-5CA8-4F08-9517-C81530A074D7}.Debug|Any CPU.ActiveCfg = Debug|Any CPU
		{3C2B7E57-5CA8-4F08-9517-C81530A074D7}.Debug|Any CPU.Build.0 = Debug|Any CPU
		{3C2B7E57-5CA8-4F08-9517-C81530A074D7}.Release|Any CPU.ActiveCfg = Release|Any CPU
		{3C2B7E57-5CA8-4F08-9517-C81530A074D7}.Release|Any CPU.Build.0 = Release|Any CPU
	EndGlobalSection
	GlobalSection(SolutionProperties) = preSolution
		HideSolutionNode = FALSE
	EndGlobalSection
	GlobalSection(ExtensibilityGlobals) = postSolution
		SolutionGuid = {478D7D56-8587-439F-9DC3-8A719D6BA63C}
	EndGlobalSection
EndGlobal
