
Microsoft Visual Studio Solution File, Format Version 12.00
# Visual Studio Version 16
VisualStudioVersion = 16.0.29728.190
MinimumVisualStudioVersion = 10.0.40219.1
Project("{FAE04EC0-301F-11D3-BF4B-00C04F79EFBC}") = "AlienInvaders", "AlienInvaders.csproj", "{D6503CC8-1FCE-430E-9589-BC9DB47E1714}"
EndProject
Global
	GlobalSection(SolutionConfigurationPlatforms) = preSolution
		Debug|Any CPU = Debug|Any CPU
		Release|Any CPU = Release|Any CPU
	EndGlobalSection
	GlobalSection(ProjectConfigurationPlatforms) = postSolution
		{D6503CC8-1FCE-430E-9589-BC9DB47E1714}.Debug|Any CPU.ActiveCfg = Debug|Any CPU
		{D6503CC8-1FCE-430E-9589-BC9DB47E1714}.Debug|Any CPU.Build.0 = Debug|Any CPU
		{D6503CC8-1FCE-430E-9589-BC9DB47E1714}.Release|Any CPU.ActiveCfg = Release|Any CPU
		{D6503CC8-1FCE-430E-9589-BC9DB47E1714}.Release|Any CPU.Build.0 = Release|Any CPU
	EndGlobalSection
	GlobalSection(SolutionProperties) = preSolution
		HideSolutionNode = FALSE
	EndGlobalSection
	GlobalSection(ExtensibilityGlobals) = postSolution
		SolutionGuid = {E0E424E3-022B-42A4-B6C7-2F43440A4B38}
	EndGlobalSection
EndGlobal
